// !$*UTF8*$!
{
	archiveVersion = 1;
	classes = {
	};
	objectVersion = 46;
	objects = {

/* Begin PBXBuildFile section */
		348FEF1B1AE9D5E3009D858B /* ParallaxHeaderView.m in Sources */ = {isa = PBXBuildFile; fileRef = 348FEF141AE9D5E3009D858B /* ParallaxHeaderView.m */; };
		348FEF1E1AE9D5E3009D858B /* UIImage+ImageEffects.m in Sources */ = {isa = PBXBuildFile; fileRef = 348FEF1A1AE9D5E3009D858B /* UIImage+ImageEffects.m */; };
		348FEF2D1AEA148E009D858B /* BottomTableViewCell.swift in Sources */ = {isa = PBXBuildFile; fileRef = 348FEF2C1AEA148E009D858B /* BottomTableViewCell.swift */; };
		34CEB72F1AEB4EE200A8EA90 /* WebViewController.swift in Sources */ = {isa = PBXBuildFile; fileRef = 34CEB72E1AEB4EE200A8EA90 /* WebViewController.swift */; };
		34D073931ADF564100C2FD32 /* AppDelegate.swift in Sources */ = {isa = PBXBuildFile; fileRef = 34D073921ADF564100C2FD32 /* AppDelegate.swift */; };
		34D073951ADF564100C2FD32 /* ViewController.swift in Sources */ = {isa = PBXBuildFile; fileRef = 34D073941ADF564100C2FD32 /* ViewController.swift */; };
		34D073981ADF564100C2FD32 /* Main.storyboard in Resources */ = {isa = PBXBuildFile; fileRef = 34D073961ADF564100C2FD32 /* Main.storyboard */; };
		34D0739A1ADF564100C2FD32 /* Images.xcassets in Resources */ = {isa = PBXBuildFile; fileRef = 34D073991ADF564100C2FD32 /* Images.xcassets */; };
		34D0739D1ADF564100C2FD32 /* LaunchScreen.xib in Resources */ = {isa = PBXBuildFile; fileRef = 34D0739B1ADF564100C2FD32 /* LaunchScreen.xib */; };
		34D073A91ADF564100C2FD32 /* BojanStefanovicTests.swift in Sources */ = {isa = PBXBuildFile; fileRef = 34D073A81ADF564100C2FD32 /* BojanStefanovicTests.swift */; };
		34D073B41ADF572A00C2FD32 /* PageContentViewController.swift in Sources */ = {isa = PBXBuildFile; fileRef = 34D073B31ADF572A00C2FD32 /* PageContentViewController.swift */; };
		34F1AB371AE8B8A400EFF64F /* TimelineViewController.swift in Sources */ = {isa = PBXBuildFile; fileRef = 34F1AB361AE8B8A400EFF64F /* TimelineViewController.swift */; };
		34F1AB391AE8C59700EFF64F /* CellData.swift in Sources */ = {isa = PBXBuildFile; fileRef = 34F1AB381AE8C59700EFF64F /* CellData.swift */; };
		34F1AB3B1AE8D2A400EFF64F /* TimelineTableViewCell.swift in Sources */ = {isa = PBXBuildFile; fileRef = 34F1AB3A1AE8D2A400EFF64F /* TimelineTableViewCell.swift */; };
/* End PBXBuildFile section */

/* Begin PBXContainerItemProxy section */
		34D073A31ADF564100C2FD32 /* PBXContainerItemProxy */ = {
			isa = PBXContainerItemProxy;
			containerPortal = 34D073851ADF564100C2FD32 /* Project object */;
			proxyType = 1;
			remoteGlobalIDString = 34D0738C1ADF564100C2FD32;
			remoteInfo = BojanStefanovic;
		};
/* End PBXContainerItemProxy section */

/* Begin PBXFileReference section */
		348FEF121AE9D5E2009D858B /* BojanStefanovic-Bridging-Header.h */ = {isa = PBXFileReference; lastKnownFileType = sourcecode.c.h; path = "BojanStefanovic-Bridging-Header.h"; sourceTree = "<group>"; };
		348FEF131AE9D5E3009D858B /* ParallaxHeaderView.h */ = {isa = PBXFileReference; fileEncoding = 4; lastKnownFileType = sourcecode.c.h; path = ParallaxHeaderView.h; sourceTree = "<group>"; };
		348FEF141AE9D5E3009D858B /* ParallaxHeaderView.m */ = {isa = PBXFileReference; fileEncoding = 4; lastKnownFileType = sourcecode.c.objc; path = ParallaxHeaderView.m; sourceTree = "<group>"; };
		348FEF191AE9D5E3009D858B /* UIImage+ImageEffects.h */ = {isa = PBXFileReference; fileEncoding = 4; lastKnownFileType = sourcecode.c.h; path = "UIImage+ImageEffects.h"; sourceTree = "<group>"; };
		348FEF1A1AE9D5E3009D858B /* UIImage+ImageEffects.m */ = {isa = PBXFileReference; fileEncoding = 4; lastKnownFileType = sourcecode.c.objc; path = "UIImage+ImageEffects.m"; sourceTree = "<group>"; };
		348FEF2C1AEA148E009D858B /* BottomTableViewCell.swift */ = {isa = PBXFileReference; fileEncoding = 4; lastKnownFileType = sourcecode.swift; path = BottomTableViewCell.swift; sourceTree = "<group>"; };
		34CEB72E1AEB4EE200A8EA90 /* WebViewController.swift */ = {isa = PBXFileReference; fileEncoding = 4; lastKnownFileType = sourcecode.swift; path = WebViewController.swift; sourceTree = "<group>"; };
		34D0738D1ADF564100C2FD32 /* BojanStefanovic.app */ = {isa = PBXFileReference; explicitFileType = wrapper.application; includeInIndex = 0; path = BojanStefanovic.app; sourceTree = BUILT_PRODUCTS_DIR; };
		34D073911ADF564100C2FD32 /* Info.plist */ = {isa = PBXFileReference; lastKnownFileType = text.plist.xml; path = Info.plist; sourceTree = "<group>"; };
		34D073921ADF564100C2FD32 /* AppDelegate.swift */ = {isa = PBXFileReference; lastKnownFileType = sourcecode.swift; path = AppDelegate.swift; sourceTree = "<group>"; };
		34D073941ADF564100C2FD32 /* ViewController.swift */ = {isa = PBXFileReference; lastKnownFileType = sourcecode.swift; path = ViewController.swift; sourceTree = "<group>"; };
		34D073971ADF564100C2FD32 /* Base */ = {isa = PBXFileReference; lastKnownFileType = file.storyboard; name = Base; path = Base.lproj/Main.storyboard; sourceTree = "<group>"; };
		34D073991ADF564100C2FD32 /* Images.xcassets */ = {isa = PBXFileReference; lastKnownFileType = folder.assetcatalog; path = Images.xcassets; sourceTree = "<group>"; };
		34D0739C1ADF564100C2FD32 /* Base */ = {isa = PBXFileReference; lastKnownFileType = file.xib; name = Base; path = Base.lproj/LaunchScreen.xib; sourceTree = "<group>"; };
		34D073A21ADF564100C2FD32 /* BojanStefanovicTests.xctest */ = {isa = PBXFileReference; explicitFileType = wrapper.cfbundle; includeInIndex = 0; path = BojanStefanovicTests.xctest; sourceTree = BUILT_PRODUCTS_DIR; };
		34D073A71ADF564100C2FD32 /* Info.plist */ = {isa = PBXFileReference; lastKnownFileType = text.plist.xml; path = Info.plist; sourceTree = "<group>"; };
		34D073A81ADF564100C2FD32 /* BojanStefanovicTests.swift */ = {isa = PBXFileReference; lastKnownFileType = sourcecode.swift; path = BojanStefanovicTests.swift; sourceTree = "<group>"; };
		34D073B31ADF572A00C2FD32 /* PageContentViewController.swift */ = {isa = PBXFileReference; fileEncoding = 4; lastKnownFileType = sourcecode.swift; path = PageContentViewController.swift; sourceTree = "<group>"; };
		34F1AB361AE8B8A400EFF64F /* TimelineViewController.swift */ = {isa = PBXFileReference; fileEncoding = 4; lastKnownFileType = sourcecode.swift; path = TimelineViewController.swift; sourceTree = "<group>"; };
		34F1AB381AE8C59700EFF64F /* CellData.swift */ = {isa = PBXFileReference; fileEncoding = 4; lastKnownFileType = sourcecode.swift; path = CellData.swift; sourceTree = "<group>"; };
		34F1AB3A1AE8D2A400EFF64F /* TimelineTableViewCell.swift */ = {isa = PBXFileReference; fileEncoding = 4; lastKnownFileType = sourcecode.swift; path = TimelineTableViewCell.swift; sourceTree = "<group>"; };
/* End PBXFileReference section */

/* Begin PBXFrameworksBuildPhase section */
		34D0738A1ADF564100C2FD32 /* Frameworks */ = {
			isa = PBXFrameworksBuildPhase;
			buildActionMask = 2147483647;
			files = (
			);
			runOnlyForDeploymentPostprocessing = 0;
		};
		34D0739F1ADF564100C2FD32 /* Frameworks */ = {
			isa = PBXFrameworksBuildPhase;
			buildActionMask = 2147483647;
			files = (
			);
			runOnlyForDeploymentPostprocessing = 0;
		};
/* End PBXFrameworksBuildPhase section */

/* Begin PBXGroup section */
		348FEF201AE9D5F5009D858B /* ParallaxTableViewHeader */ = {
			isa = PBXGroup;
			children = (
				348FEF131AE9D5E3009D858B /* ParallaxHeaderView.h */,
				348FEF141AE9D5E3009D858B /* ParallaxHeaderView.m */,
				348FEF191AE9D5E3009D858B /* UIImage+ImageEffects.h */,
				348FEF1A1AE9D5E3009D858B /* UIImage+ImageEffects.m */,
			);
			name = ParallaxTableViewHeader;
			sourceTree = "<group>";
		};
		348FEF2B1AEA1475009D858B /* Table Cells */ = {
			isa = PBXGroup;
			children = (
				34F1AB3A1AE8D2A400EFF64F /* TimelineTableViewCell.swift */,
				348FEF2C1AEA148E009D858B /* BottomTableViewCell.swift */,
			);
			name = "Table Cells";
			sourceTree = "<group>";
		};
		34D073841ADF564100C2FD32 = {
			isa = PBXGroup;
			children = (
				34D0738F1ADF564100C2FD32 /* BojanStefanovic */,
				34D073A51ADF564100C2FD32 /* BojanStefanovicTests */,
				34D0738E1ADF564100C2FD32 /* Products */,
			);
			sourceTree = "<group>";
		};
		34D0738E1ADF564100C2FD32 /* Products */ = {
			isa = PBXGroup;
			children = (
				34D0738D1ADF564100C2FD32 /* BojanStefanovic.app */,
				34D073A21ADF564100C2FD32 /* BojanStefanovicTests.xctest */,
			);
			name = Products;
			sourceTree = "<group>";
		};
		34D0738F1ADF564100C2FD32 /* BojanStefanovic */ = {
			isa = PBXGroup;
			children = (
				34D073921ADF564100C2FD32 /* AppDelegate.swift */,
				34F1AB381AE8C59700EFF64F /* CellData.swift */,
				348FEF2B1AEA1475009D858B /* Table Cells */,
				34D073B21ADF570200C2FD32 /* View Controllers */,
				34D073961ADF564100C2FD32 /* Main.storyboard */,
				34D073991ADF564100C2FD32 /* Images.xcassets */,
				34D0739B1ADF564100C2FD32 /* LaunchScreen.xib */,
				34D073901ADF564100C2FD32 /* Supporting Files */,
			);
			path = BojanStefanovic;
			sourceTree = "<group>";
		};
		34D073901ADF564100C2FD32 /* Supporting Files */ = {
			isa = PBXGroup;
			children = (
				348FEF201AE9D5F5009D858B /* ParallaxTableViewHeader */,
				34D073911ADF564100C2FD32 /* Info.plist */,
				348FEF121AE9D5E2009D858B /* BojanStefanovic-Bridging-Header.h */,
			);
			name = "Supporting Files";
			sourceTree = "<group>";
		};
		34D073A51ADF564100C2FD32 /* BojanStefanovicTests */ = {
			isa = PBXGroup;
			children = (
				34D073A81ADF564100C2FD32 /* BojanStefanovicTests.swift */,
				34D073A61ADF564100C2FD32 /* Supporting Files */,
			);
			path = BojanStefanovicTests;
			sourceTree = "<group>";
		};
		34D073A61ADF564100C2FD32 /* Supporting Files */ = {
			isa = PBXGroup;
			children = (
				34D073A71ADF564100C2FD32 /* Info.plist */,
			);
			name = "Supporting Files";
			sourceTree = "<group>";
		};
		34D073B21ADF570200C2FD32 /* View Controllers */ = {
			isa = PBXGroup;
			children = (
				34D073941ADF564100C2FD32 /* ViewController.swift */,
				34D073B31ADF572A00C2FD32 /* PageContentViewController.swift */,
				34F1AB361AE8B8A400EFF64F /* TimelineViewController.swift */,
				34CEB72E1AEB4EE200A8EA90 /* WebViewController.swift */,
			);
			name = "View Controllers";
			sourceTree = "<group>";
		};
/* End PBXGroup section */

/* Begin PBXNativeTarget section */
		34D0738C1ADF564100C2FD32 /* BojanStefanovic */ = {
			isa = PBXNativeTarget;
			buildConfigurationList = 34D073AC1ADF564100C2FD32 /* Build configuration list for PBXNativeTarget "BojanStefanovic" */;
			buildPhases = (
				34D073891ADF564100C2FD32 /* Sources */,
				34D0738A1ADF564100C2FD32 /* Frameworks */,
				34D0738B1ADF564100C2FD32 /* Resources */,
			);
			buildRules = (
			);
			dependencies = (
			);
			name = BojanStefanovic;
			productName = BojanStefanovic;
			productReference = 34D0738D1ADF564100C2FD32 /* BojanStefanovic.app */;
			productType = "com.apple.product-type.application";
		};
		34D073A11ADF564100C2FD32 /* BojanStefanovicTests */ = {
			isa = PBXNativeTarget;
			buildConfigurationList = 34D073AF1ADF564100C2FD32 /* Build configuration list for PBXNativeTarget "BojanStefanovicTests" */;
			buildPhases = (
				34D0739E1ADF564100C2FD32 /* Sources */,
				34D0739F1ADF564100C2FD32 /* Frameworks */,
				34D073A01ADF564100C2FD32 /* Resources */,
			);
			buildRules = (
			);
			dependencies = (
				34D073A41ADF564100C2FD32 /* PBXTargetDependency */,
			);
			name = BojanStefanovicTests;
			productName = BojanStefanovicTests;
			productReference = 34D073A21ADF564100C2FD32 /* BojanStefanovicTests.xctest */;
			productType = "com.apple.product-type.bundle.unit-test";
		};
/* End PBXNativeTarget section */

/* Begin PBXProject section */
		34D073851ADF564100C2FD32 /* Project object */ = {
			isa = PBXProject;
			attributes = {
				LastUpgradeCheck = 0620;
				ORGANIZATIONNAME = "Bojan Stefanovic";
				TargetAttributes = {
					34D0738C1ADF564100C2FD32 = {
						CreatedOnToolsVersion = 6.2;
						DevelopmentTeam = K8JFVKN675;
					};
					34D073A11ADF564100C2FD32 = {
						CreatedOnToolsVersion = 6.2;
						TestTargetID = 34D0738C1ADF564100C2FD32;
					};
				};
			};
			buildConfigurationList = 34D073881ADF564100C2FD32 /* Build configuration list for PBXProject "BojanStefanovic" */;
			compatibilityVersion = "Xcode 3.2";
			developmentRegion = English;
			hasScannedForEncodings = 0;
			knownRegions = (
				en,
				Base,
			);
			mainGroup = 34D073841ADF564100C2FD32;
			productRefGroup = 34D0738E1ADF564100C2FD32 /* Products */;
			projectDirPath = "";
			projectRoot = "";
			targets = (
				34D0738C1ADF564100C2FD32 /* BojanStefanovic */,
				34D073A11ADF564100C2FD32 /* BojanStefanovicTests */,
			);
		};
/* End PBXProject section */

/* Begin PBXResourcesBuildPhase section */
		34D0738B1ADF564100C2FD32 /* Resources */ = {
			isa = PBXResourcesBuildPhase;
			buildActionMask = 2147483647;
			files = (
				34D073981ADF564100C2FD32 /* Main.storyboard in Resources */,
				34D0739D1ADF564100C2FD32 /* LaunchScreen.xib in Resources */,
				34D0739A1ADF564100C2FD32 /* Images.xcassets in Resources */,
			);
			runOnlyForDeploymentPostprocessing = 0;
		};
		34D073A01ADF564100C2FD32 /* Resources */ = {
			isa = PBXResourcesBuildPhase;
			buildActionMask = 2147483647;
			files = (
			);
			runOnlyForDeploymentPostprocessing = 0;
		};
/* End PBXResourcesBuildPhase section */

/* Begin PBXSourcesBuildPhase section */
		34D073891ADF564100C2FD32 /* Sources */ = {
			isa = PBXSourcesBuildPhase;
			buildActionMask = 2147483647;
			files = (
				34D073B41ADF572A00C2FD32 /* PageContentViewController.swift in Sources */,
				34F1AB371AE8B8A400EFF64F /* TimelineViewController.swift in Sources */,
				34CEB72F1AEB4EE200A8EA90 /* WebViewController.swift in Sources */,
				34D073951ADF564100C2FD32 /* ViewController.swift in Sources */,
				348FEF2D1AEA148E009D858B /* BottomTableViewCell.swift in Sources */,
				34F1AB391AE8C59700EFF64F /* CellData.swift in Sources */,
				348FEF1E1AE9D5E3009D858B /* UIImage+ImageEffects.m in Sources */,
				348FEF1B1AE9D5E3009D858B /* ParallaxHeaderView.m in Sources */,
				34F1AB3B1AE8D2A400EFF64F /* TimelineTableViewCell.swift in Sources */,
				34D073931ADF564100C2FD32 /* AppDelegate.swift in Sources */,
			);
			runOnlyForDeploymentPostprocessing = 0;
		};
		34D0739E1ADF564100C2FD32 /* Sources */ = {
			isa = PBXSourcesBuildPhase;
			buildActionMask = 2147483647;
			files = (
				34D073A91ADF564100C2FD32 /* BojanStefanovicTests.swift in Sources */,
			);
			runOnlyForDeploymentPostprocessing = 0;
		};
/* End PBXSourcesBuildPhase section */

/* Begin PBXTargetDependency section */
		34D073A41ADF564100C2FD32 /* PBXTargetDependency */ = {
			isa = PBXTargetDependency;
			target = 34D0738C1ADF564100C2FD32 /* BojanStefanovic */;
			targetProxy = 34D073A31ADF564100C2FD32 /* PBXContainerItemProxy */;
		};
/* End PBXTargetDependency section */

/* Begin PBXVariantGroup section */
		34D073961ADF564100C2FD32 /* Main.storyboard */ = {
			isa = PBXVariantGroup;
			children = (
				34D073971ADF564100C2FD32 /* Base */,
			);
			name = Main.storyboard;
			sourceTree = "<group>";
		};
		34D0739B1ADF564100C2FD32 /* LaunchScreen.xib */ = {
			isa = PBXVariantGroup;
			children = (
				34D0739C1ADF564100C2FD32 /* Base */,
			);
			name = LaunchScreen.xib;
			sourceTree = "<group>";
		};
/* End PBXVariantGroup section */

/* Begin XCBuildConfiguration section */
		34D073AA1ADF564100C2FD32 /* Debug */ = {
			isa = XCBuildConfiguration;
			buildSettings = {
				ALWAYS_SEARCH_USER_PATHS = NO;
				CLANG_CXX_LANGUAGE_STANDARD = "gnu++0x";
				CLANG_CXX_LIBRARY = "libc++";
				CLANG_ENABLE_MODULES = YES;
				CLANG_ENABLE_OBJC_ARC = YES;
				CLANG_WARN_BOOL_CONVERSION = YES;
				CLANG_WARN_CONSTANT_CONVERSION = YES;
				CLANG_WARN_DIRECT_OBJC_ISA_USAGE = YES_ERROR;
				CLANG_WARN_EMPTY_BODY = YES;
				CLANG_WARN_ENUM_CONVERSION = YES;
				CLANG_WARN_INT_CONVERSION = YES;
				CLANG_WARN_OBJC_ROOT_CLASS = YES_ERROR;
				CLANG_WARN_UNREACHABLE_CODE = YES;
				CLANG_WARN__DUPLICATE_METHOD_MATCH = YES;
				"CODE_SIGN_IDENTITY[sdk=iphoneos*]" = "iPhone Developer";
				COPY_PHASE_STRIP = NO;
				ENABLE_STRICT_OBJC_MSGSEND = YES;
				GCC_C_LANGUAGE_STANDARD = gnu99;
				GCC_DYNAMIC_NO_PIC = NO;
				GCC_OPTIMIZATION_LEVEL = 0;
				GCC_PREPROCESSOR_DEFINITIONS = (
					"DEBUG=1",
					"$(inherited)",
				);
				GCC_SYMBOLS_PRIVATE_EXTERN = NO;
				GCC_WARN_64_TO_32_BIT_CONVERSION = YES;
				GCC_WARN_ABOUT_RETURN_TYPE = YES_ERROR;
				GCC_WARN_UNDECLARED_SELECTOR = YES;
				GCC_WARN_UNINITIALIZED_AUTOS = YES_AGGRESSIVE;
				GCC_WARN_UNUSED_FUNCTION = YES;
				GCC_WARN_UNUSED_VARIABLE = YES;
				IPHONEOS_DEPLOYMENT_TARGET = 8.2;
				MTL_ENABLE_DEBUG_INFO = YES;
				ONLY_ACTIVE_ARCH = YES;
				SDKROOT = iphoneos;
				SWIFT_OPTIMIZATION_LEVEL = "-Onone";
			};
			name = Debug;
		};
		34D073AB1ADF564100C2FD32 /* Release */ = {
			isa = XCBuildConfiguration;
			buildSettings = {
				ALWAYS_SEARCH_USER_PATHS = NO;
				CLANG_CXX_LANGUAGE_STANDARD = "gnu++0x";
				CLANG_CXX_LIBRARY = "libc++";
				CLANG_ENABLE_MODULES = YES;
				CLANG_ENABLE_OBJC_ARC = YES;
				CLANG_WARN_BOOL_CONVERSION = YES;
				CLANG_WARN_CONSTANT_CONVERSION = YES;
				CLANG_WARN_DIRECT_OBJC_ISA_USAGE = YES_ERROR;
				CLANG_WARN_EMPTY_BODY = YES;
				CLANG_WARN_ENUM_CONVERSION = YES;
				CLANG_WARN_INT_CONVERSION = YES;
				CLANG_WARN_OBJC_ROOT_CLASS = YES_ERROR;
				CLANG_WARN_UNREACHABLE_CODE = YES;
				CLANG_WARN__DUPLICATE_METHOD_MATCH = YES;
				"CODE_SIGN_IDENTITY[sdk=iphoneos*]" = "iPhone Developer";
				COPY_PHASE_STRIP = NO;
				ENABLE_NS_ASSERTIONS = NO;
				ENABLE_STRICT_OBJC_MSGSEND = YES;
				GCC_C_LANGUAGE_STANDARD = gnu99;
				GCC_WARN_64_TO_32_BIT_CONVERSION = YES;
				GCC_WARN_ABOUT_RETURN_TYPE = YES_ERROR;
				GCC_WARN_UNDECLARED_SELECTOR = YES;
				GCC_WARN_UNINITIALIZED_AUTOS = YES_AGGRESSIVE;
				GCC_WARN_UNUSED_FUNCTION = YES;
				GCC_WARN_UNUSED_VARIABLE = YES;
				IPHONEOS_DEPLOYMENT_TARGET = 8.2;
				MTL_ENABLE_DEBUG_INFO = NO;
				SDKROOT = iphoneos;
				VALIDATE_PRODUCT = YES;
			};
			name = Release;
		};
		34D073AD1ADF564100C2FD32 /* Debug */ = {
			isa = XCBuildConfiguration;
			buildSettings = {
				ASSETCATALOG_COMPILER_APPICON_NAME = AppIcon;
				CLANG_ENABLE_MODULES = YES;
				CODE_SIGN_IDENTITY = "iPhone Developer";
				FRAMEWORK_SEARCH_PATHS = (
					"$(inherited)",
					"$(PROJECT_DIR)/BojanStefanovic",
				);
				INFOPLIST_FILE = BojanStefanovic/Info.plist;
				LD_RUNPATH_SEARCH_PATHS = "$(inherited) @executable_path/Frameworks";
				PRODUCT_NAME = "$(TARGET_NAME)";
				SWIFT_OBJC_BRIDGING_HEADER = "BojanStefanovic/BojanStefanovic-Bridging-Header.h";
				SWIFT_OPTIMIZATION_LEVEL = "-Onone";
			};
			name = Debug;
		};
		34D073AE1ADF564100C2FD32 /* Release */ = {
			isa = XCBuildConfiguration;
			buildSettings = {
				ASSETCATALOG_COMPILER_APPICON_NAME = AppIcon;
				CLANG_ENABLE_MODULES = YES;
				CODE_SIGN_IDENTITY = "iPhone Developer";
				FRAMEWORK_SEARCH_PATHS = (
					"$(inherited)",
					"$(PROJECT_DIR)/BojanStefanovic",
				);
				INFOPLIST_FILE = BojanStefanovic/Info.plist;
				LD_RUNPATH_SEARCH_PATHS = "$(inherited) @executable_path/Frameworks";
				PRODUCT_NAME = "$(TARGET_NAME)";
				SWIFT_OBJC_BRIDGING_HEADER = "BojanStefanovic/BojanStefanovic-Bridging-Header.h";
			};
			name = Release;
		};
		34D073B01ADF564100C2FD32 /* Debug */ = {
			isa = XCBuildConfiguration;
			buildSettings = {
				BUNDLE_LOADER = "$(TEST_HOST)";
				FRAMEWORK_SEARCH_PATHS = (
					"$(SDKROOT)/Developer/Library/Frameworks",
					"$(inherited)",
				);
				GCC_PREPROCESSOR_DEFINITIONS = (
					"DEBUG=1",
					"$(inherited)",
				);
				INFOPLIST_FILE = BojanStefanovicTests/Info.plist;
				LD_RUNPATH_SEARCH_PATHS = "$(inherited) @executable_path/Frameworks @loader_path/Frameworks";
				PRODUCT_NAME = "$(TARGET_NAME)";
				TEST_HOST = "$(BUILT_PRODUCTS_DIR)/BojanStefanovic.app/BojanStefanovic";
			};
			name = Debug;
		};
		34D073B11ADF564100C2FD32 /* Release */ = {
			isa = XCBuildConfiguration;
			buildSettings = {
				BUNDLE_LOADER = "$(TEST_HOST)";
				FRAMEWORK_SEARCH_PATHS = (
					"$(SDKROOT)/Developer/Library/Frameworks",
					"$(inherited)",
				);
				INFOPLIST_FILE = BojanStefanovicTests/Info.plist;
				LD_RUNPATH_SEARCH_PATHS = "$(inherited) @executable_path/Frameworks @loader_path/Frameworks";
				PRODUCT_NAME = "$(TARGET_NAME)";
				TEST_HOST = "$(BUILT_PRODUCTS_DIR)/BojanStefanovic.app/BojanStefanovic";
			};
			name = Release;
		};
/* End XCBuildConfiguration section */

/* Begin XCConfigurationList section */
		34D073881ADF564100C2FD32 /* Build configuration list for PBXProject "BojanStefanovic" */ = {
			isa = XCConfigurationList;
			buildConfigurations = (
				34D073AA1ADF564100C2FD32 /* Debug */,
				34D073AB1ADF564100C2FD32 /* Release */,
			);
			defaultConfigurationIsVisible = 0;
			defaultConfigurationName = Release;
		};
		34D073AC1ADF564100C2FD32 /* Build configuration list for PBXNativeTarget "BojanStefanovic" */ = {
			isa = XCConfigurationList;
			buildConfigurations = (
				34D073AD1ADF564100C2FD32 /* Debug */,
				34D073AE1ADF564100C2FD32 /* Release */,
			);
			defaultConfigurationIsVisible = 0;
			defaultConfigurationName = Release;
		};
		34D073AF1ADF564100C2FD32 /* Build configuration list for PBXNativeTarget "BojanStefanovicTests" */ = {
			isa = XCConfigurationList;
			buildConfigurations = (
				34D073B01ADF564100C2FD32 /* Debug */,
				34D073B11ADF564100C2FD32 /* Release */,
			);
			defaultConfigurationIsVisible = 0;
			defaultConfigurationName = Release;
		};
/* End XCConfigurationList section */
	};
	rootObject = 34D073851ADF564100C2FD32 /* Project object */;
}
